// !$*UTF8*$!
{
	archiveVersion = 1;
	classes = {
	};
	objectVersion = 56;
	objects = {

/* Begin PBXBuildFile section */
		34495A0334BAEF38EA974941 /* Pods_connectApp.framework in Frameworks */ = {isa = PBXBuildFile; fileRef = 3DBF0CAA28BAB54F4EA2B223 /* Pods_connectApp.framework */; };
		646663FB2BFC865400F28048 /* MapViewController.swift in Sources */ = {isa = PBXBuildFile; fileRef = 646663FA2BFC865400F28048 /* MapViewController.swift */; };
		646663FD2BFC88E300F28048 /* AudioViewController.swift in Sources */ = {isa = PBXBuildFile; fileRef = 646663FC2BFC88E300F28048 /* AudioViewController.swift */; };
		649423D12BF5F62700AAF0A1 /* NewGroupViewController.swift in Sources */ = {isa = PBXBuildFile; fileRef = 649423D02BF5F62700AAF0A1 /* NewGroupViewController.swift */; };
		649423D32BFA7CE800AAF0A1 /* GroupCollectionViewCell.swift in Sources */ = {isa = PBXBuildFile; fileRef = 649423D22BFA7CE700AAF0A1 /* GroupCollectionViewCell.swift */; };
		649423D52BFA9F4800AAF0A1 /* ChatViewController.swift in Sources */ = {isa = PBXBuildFile; fileRef = 649423D42BFA9F4800AAF0A1 /* ChatViewController.swift */; };
		649423D82BFAA4AF00AAF0A1 /* Camera.swift in Sources */ = {isa = PBXBuildFile; fileRef = 649423D72BFAA4AF00AAF0A1 /* Camera.swift */; };
		649423DA2BFAA4C200AAF0A1 /* Encryption.swift in Sources */ = {isa = PBXBuildFile; fileRef = 649423D92BFAA4C200AAF0A1 /* Encryption.swift */; };
		649423DC2BFAA4E200AAF0A1 /* OutgoingMessages.swift in Sources */ = {isa = PBXBuildFile; fileRef = 649423DB2BFAA4E200AAF0A1 /* OutgoingMessages.swift */; };
		649423DE2BFAA4F900AAF0A1 /* IncomingMessages.swift in Sources */ = {isa = PBXBuildFile; fileRef = 649423DD2BFAA4F900AAF0A1 /* IncomingMessages.swift */; };
		649423E02BFAA50700AAF0A1 /* PhotoMediaItem.swift in Sources */ = {isa = PBXBuildFile; fileRef = 649423DF2BFAA50700AAF0A1 /* PhotoMediaItem.swift */; };
		649423E22BFAA51100AAF0A1 /* VideoMessage.swift in Sources */ = {isa = PBXBuildFile; fileRef = 649423E12BFAA51100AAF0A1 /* VideoMessage.swift */; };
		649423E42BFAA52300AAF0A1 /* Download.swift in Sources */ = {isa = PBXBuildFile; fileRef = 649423E32BFAA52300AAF0A1 /* Download.swift */; };
		64ABDCB72BF15396006E4E86 /* RecentChatViewController.swift in Sources */ = {isa = PBXBuildFile; fileRef = 64ABDCB62BF15396006E4E86 /* RecentChatViewController.swift */; };
		64ABDCB92BF153BF006E4E86 /* RecentCell.swift in Sources */ = {isa = PBXBuildFile; fileRef = 64ABDCB82BF153BF006E4E86 /* RecentCell.swift */; };
		64ABDCBB2BF153E3006E4E86 /* MembersViewController.swift in Sources */ = {isa = PBXBuildFile; fileRef = 64ABDCBA2BF153E3006E4E86 /* MembersViewController.swift */; };
		64ABDCBD2BF153F7006E4E86 /* MembersCell.swift in Sources */ = {isa = PBXBuildFile; fileRef = 64ABDCBC2BF153F7006E4E86 /* MembersCell.swift */; };
		64ABDCBF2BF1769B006E4E86 /* Recent.swift in Sources */ = {isa = PBXBuildFile; fileRef = 64ABDCBE2BF1769B006E4E86 /* Recent.swift */; };
		64ABDCC12BF17723006E4E86 /* Group.swift in Sources */ = {isa = PBXBuildFile; fileRef = 64ABDCC02BF17723006E4E86 /* Group.swift */; };
		64C241302B93A04B00C4A893 /* AppDelegate.swift in Sources */ = {isa = PBXBuildFile; fileRef = 64C2412F2B93A04B00C4A893 /* AppDelegate.swift */; };
		64C241322B93A04B00C4A893 /* SceneDelegate.swift in Sources */ = {isa = PBXBuildFile; fileRef = 64C241312B93A04B00C4A893 /* SceneDelegate.swift */; };
		64C241372B93A04B00C4A893 /* Main.storyboard in Resources */ = {isa = PBXBuildFile; fileRef = 64C241352B93A04B00C4A893 /* Main.storyboard */; };
		64C241392B93A04C00C4A893 /* Assets.xcassets in Resources */ = {isa = PBXBuildFile; fileRef = 64C241382B93A04C00C4A893 /* Assets.xcassets */; };
		64C2413C2B93A04C00C4A893 /* LaunchScreen.storyboard in Resources */ = {isa = PBXBuildFile; fileRef = 64C2413A2B93A04C00C4A893 /* LaunchScreen.storyboard */; };
		64C2414A2B93A3B600C4A893 /* LoginViewController.swift in Sources */ = {isa = PBXBuildFile; fileRef = 64C241492B93A3B600C4A893 /* LoginViewController.swift */; };
		64C2414C2B93A4EC00C4A893 /* Util.swift in Sources */ = {isa = PBXBuildFile; fileRef = 64C2414B2B93A4EC00C4A893 /* Util.swift */; };
		64C2414E2B93B56200C4A893 /* RegisterViewController.swift in Sources */ = {isa = PBXBuildFile; fileRef = 64C2414D2B93B56200C4A893 /* RegisterViewController.swift */; };
		64C241502B93BB4A00C4A893 /* GoogleService-Info.plist in Resources */ = {isa = PBXBuildFile; fileRef = 64C2414F2B93BB4A00C4A893 /* GoogleService-Info.plist */; };
		64C241522B950DDE00C4A893 /* Constants.swift in Sources */ = {isa = PBXBuildFile; fileRef = 64C241512B950DDE00C4A893 /* Constants.swift */; };
		64C241542B9512BE00C4A893 /* FUser.swift in Sources */ = {isa = PBXBuildFile; fileRef = 64C241532B9512BE00C4A893 /* FUser.swift */; };
		64C241562B95280B00C4A893 /* FirebaseCollectionReference.swift in Sources */ = {isa = PBXBuildFile; fileRef = 64C241552B95280B00C4A893 /* FirebaseCollectionReference.swift */; };
/* End PBXBuildFile section */

/* Begin PBXFileReference section */
		359CD5D0617D168CB6AC5775 /* Pods-connectApp.debug.xcconfig */ = {isa = PBXFileReference; includeInIndex = 1; lastKnownFileType = text.xcconfig; name = "Pods-connectApp.debug.xcconfig"; path = "Target Support Files/Pods-connectApp/Pods-connectApp.debug.xcconfig"; sourceTree = "<group>"; };
		3DBF0CAA28BAB54F4EA2B223 /* Pods_connectApp.framework */ = {isa = PBXFileReference; explicitFileType = wrapper.framework; includeInIndex = 0; path = Pods_connectApp.framework; sourceTree = BUILT_PRODUCTS_DIR; };
		646663FA2BFC865400F28048 /* MapViewController.swift */ = {isa = PBXFileReference; lastKnownFileType = sourcecode.swift; path = MapViewController.swift; sourceTree = "<group>"; };
		646663FC2BFC88E300F28048 /* AudioViewController.swift */ = {isa = PBXFileReference; lastKnownFileType = sourcecode.swift; path = AudioViewController.swift; sourceTree = "<group>"; };
		649423D02BF5F62700AAF0A1 /* NewGroupViewController.swift */ = {isa = PBXFileReference; lastKnownFileType = sourcecode.swift; path = NewGroupViewController.swift; sourceTree = "<group>"; };
		649423D22BFA7CE700AAF0A1 /* GroupCollectionViewCell.swift */ = {isa = PBXFileReference; lastKnownFileType = sourcecode.swift; path = GroupCollectionViewCell.swift; sourceTree = "<group>"; };
		649423D42BFA9F4800AAF0A1 /* ChatViewController.swift */ = {isa = PBXFileReference; lastKnownFileType = sourcecode.swift; path = ChatViewController.swift; sourceTree = "<group>"; };
		649423D72BFAA4AF00AAF0A1 /* Camera.swift */ = {isa = PBXFileReference; lastKnownFileType = sourcecode.swift; path = Camera.swift; sourceTree = "<group>"; };
		649423D92BFAA4C200AAF0A1 /* Encryption.swift */ = {isa = PBXFileReference; lastKnownFileType = sourcecode.swift; path = Encryption.swift; sourceTree = "<group>"; };
		649423DB2BFAA4E200AAF0A1 /* OutgoingMessages.swift */ = {isa = PBXFileReference; lastKnownFileType = sourcecode.swift; path = OutgoingMessages.swift; sourceTree = "<group>"; };
		649423DD2BFAA4F900AAF0A1 /* IncomingMessages.swift */ = {isa = PBXFileReference; lastKnownFileType = sourcecode.swift; path = IncomingMessages.swift; sourceTree = "<group>"; };
		649423DF2BFAA50700AAF0A1 /* PhotoMediaItem.swift */ = {isa = PBXFileReference; lastKnownFileType = sourcecode.swift; path = PhotoMediaItem.swift; sourceTree = "<group>"; };
		649423E12BFAA51100AAF0A1 /* VideoMessage.swift */ = {isa = PBXFileReference; lastKnownFileType = sourcecode.swift; path = VideoMessage.swift; sourceTree = "<group>"; };
		649423E32BFAA52300AAF0A1 /* Download.swift */ = {isa = PBXFileReference; lastKnownFileType = sourcecode.swift; path = Download.swift; sourceTree = "<group>"; };
		64ABDCB62BF15396006E4E86 /* RecentChatViewController.swift */ = {isa = PBXFileReference; lastKnownFileType = sourcecode.swift; path = RecentChatViewController.swift; sourceTree = "<group>"; };
		64ABDCB82BF153BF006E4E86 /* RecentCell.swift */ = {isa = PBXFileReference; lastKnownFileType = sourcecode.swift; path = RecentCell.swift; sourceTree = "<group>"; };
		64ABDCBA2BF153E3006E4E86 /* MembersViewController.swift */ = {isa = PBXFileReference; lastKnownFileType = sourcecode.swift; path = MembersViewController.swift; sourceTree = "<group>"; };
		64ABDCBC2BF153F7006E4E86 /* MembersCell.swift */ = {isa = PBXFileReference; lastKnownFileType = sourcecode.swift; path = MembersCell.swift; sourceTree = "<group>"; };
		64ABDCBE2BF1769B006E4E86 /* Recent.swift */ = {isa = PBXFileReference; lastKnownFileType = sourcecode.swift; path = Recent.swift; sourceTree = "<group>"; };
		64ABDCC02BF17723006E4E86 /* Group.swift */ = {isa = PBXFileReference; lastKnownFileType = sourcecode.swift; path = Group.swift; sourceTree = "<group>"; };
		64C2412C2B93A04B00C4A893 /* connectApp.app */ = {isa = PBXFileReference; explicitFileType = wrapper.application; includeInIndex = 0; path = connectApp.app; sourceTree = BUILT_PRODUCTS_DIR; };
		64C2412F2B93A04B00C4A893 /* AppDelegate.swift */ = {isa = PBXFileReference; lastKnownFileType = sourcecode.swift; path = AppDelegate.swift; sourceTree = "<group>"; };
		64C241312B93A04B00C4A893 /* SceneDelegate.swift */ = {isa = PBXFileReference; lastKnownFileType = sourcecode.swift; path = SceneDelegate.swift; sourceTree = "<group>"; };
		64C241362B93A04B00C4A893 /* Base */ = {isa = PBXFileReference; lastKnownFileType = file.storyboard; name = Base; path = Base.lproj/Main.storyboard; sourceTree = "<group>"; };
		64C241382B93A04C00C4A893 /* Assets.xcassets */ = {isa = PBXFileReference; lastKnownFileType = folder.assetcatalog; path = Assets.xcassets; sourceTree = "<group>"; };
		64C2413B2B93A04C00C4A893 /* Base */ = {isa = PBXFileReference; lastKnownFileType = file.storyboard; name = Base; path = Base.lproj/LaunchScreen.storyboard; sourceTree = "<group>"; };
		64C2413D2B93A04C00C4A893 /* Info.plist */ = {isa = PBXFileReference; lastKnownFileType = text.plist.xml; path = Info.plist; sourceTree = "<group>"; };
		64C241492B93A3B600C4A893 /* LoginViewController.swift */ = {isa = PBXFileReference; lastKnownFileType = sourcecode.swift; path = LoginViewController.swift; sourceTree = "<group>"; };
		64C2414B2B93A4EC00C4A893 /* Util.swift */ = {isa = PBXFileReference; lastKnownFileType = sourcecode.swift; path = Util.swift; sourceTree = "<group>"; };
		64C2414D2B93B56200C4A893 /* RegisterViewController.swift */ = {isa = PBXFileReference; lastKnownFileType = sourcecode.swift; path = RegisterViewController.swift; sourceTree = "<group>"; };
		64C2414F2B93BB4A00C4A893 /* GoogleService-Info.plist */ = {isa = PBXFileReference; fileEncoding = 4; lastKnownFileType = text.plist.xml; path = "GoogleService-Info.plist"; sourceTree = "<group>"; };
		64C241512B950DDE00C4A893 /* Constants.swift */ = {isa = PBXFileReference; lastKnownFileType = sourcecode.swift; path = Constants.swift; sourceTree = "<group>"; };
		64C241532B9512BE00C4A893 /* FUser.swift */ = {isa = PBXFileReference; lastKnownFileType = sourcecode.swift; path = FUser.swift; sourceTree = "<group>"; };
		64C241552B95280B00C4A893 /* FirebaseCollectionReference.swift */ = {isa = PBXFileReference; lastKnownFileType = sourcecode.swift; path = FirebaseCollectionReference.swift; sourceTree = "<group>"; };
		CC0A76EA8F8C7CDF26A0C639 /* Pods-connectApp.release.xcconfig */ = {isa = PBXFileReference; includeInIndex = 1; lastKnownFileType = text.xcconfig; name = "Pods-connectApp.release.xcconfig"; path = "Target Support Files/Pods-connectApp/Pods-connectApp.release.xcconfig"; sourceTree = "<group>"; };
/* End PBXFileReference section */

/* Begin PBXFrameworksBuildPhase section */
		64C241292B93A04B00C4A893 /* Frameworks */ = {
			isa = PBXFrameworksBuildPhase;
			buildActionMask = 2147483647;
			files = (
				34495A0334BAEF38EA974941 /* Pods_connectApp.framework in Frameworks */,
			);
			runOnlyForDeploymentPostprocessing = 0;
		};
/* End PBXFrameworksBuildPhase section */

/* Begin PBXGroup section */
		649423D62BFAA48D00AAF0A1 /* ChatUtil */ = {
			isa = PBXGroup;
			children = (
				649423D72BFAA4AF00AAF0A1 /* Camera.swift */,
				649423D92BFAA4C200AAF0A1 /* Encryption.swift */,
				649423DB2BFAA4E200AAF0A1 /* OutgoingMessages.swift */,
				649423DD2BFAA4F900AAF0A1 /* IncomingMessages.swift */,
				649423DF2BFAA50700AAF0A1 /* PhotoMediaItem.swift */,
				649423E12BFAA51100AAF0A1 /* VideoMessage.swift */,
				649423E32BFAA52300AAF0A1 /* Download.swift */,
			);
			path = ChatUtil;
			sourceTree = "<group>";
		};
		64C241232B93A04B00C4A893 = {
			isa = PBXGroup;
			children = (
				64C2412E2B93A04B00C4A893 /* connectApp */,
				64C2412D2B93A04B00C4A893 /* Products */,
				CEBAB7C28EB9D54C0D5E8D6A /* Pods */,
				E37C2F251E0F1A02D6F0A0D4 /* Frameworks */,
			);
			sourceTree = "<group>";
		};
		64C2412D2B93A04B00C4A893 /* Products */ = {
			isa = PBXGroup;
			children = (
				64C2412C2B93A04B00C4A893 /* connectApp.app */,
			);
			name = Products;
			sourceTree = "<group>";
		};
		64C2412E2B93A04B00C4A893 /* connectApp */ = {
			isa = PBXGroup;
			children = (
				64C2414F2B93BB4A00C4A893 /* GoogleService-Info.plist */,
				64C241482B93A18000C4A893 /* LoginViews */,
				64C241472B93A17800C4A893 /* CoreViews */,
				64C241462B93A16500C4A893 /* SecondaryViews */,
				64C241452B93A15E00C4A893 /* CustomCells */,
				64C241442B93A15600C4A893 /* Model */,
				64C241432B93A14F00C4A893 /* Utils */,
				64C2412F2B93A04B00C4A893 /* AppDelegate.swift */,
				64C241312B93A04B00C4A893 /* SceneDelegate.swift */,
				64C241352B93A04B00C4A893 /* Main.storyboard */,
				64C241382B93A04C00C4A893 /* Assets.xcassets */,
				64C2413A2B93A04C00C4A893 /* LaunchScreen.storyboard */,
				64C2413D2B93A04C00C4A893 /* Info.plist */,
			);
			path = connectApp;
			sourceTree = "<group>";
		};
		64C241432B93A14F00C4A893 /* Utils */ = {
			isa = PBXGroup;
			children = (
				649423D62BFAA48D00AAF0A1 /* ChatUtil */,
				64C2414B2B93A4EC00C4A893 /* Util.swift */,
				64C241512B950DDE00C4A893 /* Constants.swift */,
			);
			path = Utils;
			sourceTree = "<group>";
		};
		64C241442B93A15600C4A893 /* Model */ = {
			isa = PBXGroup;
			children = (
				64C241532B9512BE00C4A893 /* FUser.swift */,
				64C241552B95280B00C4A893 /* FirebaseCollectionReference.swift */,
				64ABDCBE2BF1769B006E4E86 /* Recent.swift */,
				64ABDCC02BF17723006E4E86 /* Group.swift */,
			);
			path = Model;
			sourceTree = "<group>";
		};
		64C241452B93A15E00C4A893 /* CustomCells */ = {
			isa = PBXGroup;
			children = (
				64ABDCB82BF153BF006E4E86 /* RecentCell.swift */,
				64ABDCBC2BF153F7006E4E86 /* MembersCell.swift */,
				649423D22BFA7CE700AAF0A1 /* GroupCollectionViewCell.swift */,
			);
			path = CustomCells;
			sourceTree = "<group>";
		};
		64C241462B93A16500C4A893 /* SecondaryViews */ = {
			isa = PBXGroup;
			children = (
				64ABDCBA2BF153E3006E4E86 /* MembersViewController.swift */,
				649423D02BF5F62700AAF0A1 /* NewGroupViewController.swift */,
				649423D42BFA9F4800AAF0A1 /* ChatViewController.swift */,
				646663FA2BFC865400F28048 /* MapViewController.swift */,
				646663FC2BFC88E300F28048 /* AudioViewController.swift */,
			);
			path = SecondaryViews;
			sourceTree = "<group>";
		};
		64C241472B93A17800C4A893 /* CoreViews */ = {
			isa = PBXGroup;
			children = (
				64ABDCB62BF15396006E4E86 /* RecentChatViewController.swift */,
			);
			path = CoreViews;
			sourceTree = "<group>";
		};
		64C241482B93A18000C4A893 /* LoginViews */ = {
			isa = PBXGroup;
			children = (
				64C241492B93A3B600C4A893 /* LoginViewController.swift */,
				64C2414D2B93B56200C4A893 /* RegisterViewController.swift */,
			);
			path = LoginViews;
			sourceTree = "<group>";
		};
		CEBAB7C28EB9D54C0D5E8D6A /* Pods */ = {
			isa = PBXGroup;
			children = (
				359CD5D0617D168CB6AC5775 /* Pods-connectApp.debug.xcconfig */,
				CC0A76EA8F8C7CDF26A0C639 /* Pods-connectApp.release.xcconfig */,
			);
			path = Pods;
			sourceTree = "<group>";
		};
		E37C2F251E0F1A02D6F0A0D4 /* Frameworks */ = {
			isa = PBXGroup;
			children = (
				3DBF0CAA28BAB54F4EA2B223 /* Pods_connectApp.framework */,
			);
			name = Frameworks;
			sourceTree = "<group>";
		};
/* End PBXGroup section */

/* Begin PBXNativeTarget section */
		64C2412B2B93A04B00C4A893 /* connectApp */ = {
			isa = PBXNativeTarget;
			buildConfigurationList = 64C241402B93A04C00C4A893 /* Build configuration list for PBXNativeTarget "connectApp" */;
			buildPhases = (
				7B31E1A6FDCBA14CB006BDD6 /* [CP] Check Pods Manifest.lock */,
				64C241282B93A04B00C4A893 /* Sources */,
				64C241292B93A04B00C4A893 /* Frameworks */,
				64C2412A2B93A04B00C4A893 /* Resources */,
				C7486DD9DB3F256CB473127C /* [CP] Embed Pods Frameworks */,
			);
			buildRules = (
			);
			dependencies = (
			);
			name = connectApp;
			productName = connectApp;
			productReference = 64C2412C2B93A04B00C4A893 /* connectApp.app */;
			productType = "com.apple.product-type.application";
		};
/* End PBXNativeTarget section */

/* Begin PBXProject section */
		64C241242B93A04B00C4A893 /* Project object */ = {
			isa = PBXProject;
			attributes = {
				BuildIndependentTargetsInParallel = 1;
				LastSwiftUpdateCheck = 1520;
				LastUpgradeCheck = 1520;
				TargetAttributes = {
					64C2412B2B93A04B00C4A893 = {
						CreatedOnToolsVersion = 15.2;
					};
				};
			};
			buildConfigurationList = 64C241272B93A04B00C4A893 /* Build configuration list for PBXProject "connectApp" */;
			compatibilityVersion = "Xcode 14.0";
			developmentRegion = en;
			hasScannedForEncodings = 0;
			knownRegions = (
				en,
				Base,
			);
			mainGroup = 64C241232B93A04B00C4A893;
			productRefGroup = 64C2412D2B93A04B00C4A893 /* Products */;
			projectDirPath = "";
			projectRoot = "";
			targets = (
				64C2412B2B93A04B00C4A893 /* connectApp */,
			);
		};
/* End PBXProject section */

/* Begin PBXResourcesBuildPhase section */
		64C2412A2B93A04B00C4A893 /* Resources */ = {
			isa = PBXResourcesBuildPhase;
			buildActionMask = 2147483647;
			files = (
				64C2413C2B93A04C00C4A893 /* LaunchScreen.storyboard in Resources */,
				64C241502B93BB4A00C4A893 /* GoogleService-Info.plist in Resources */,
				64C241392B93A04C00C4A893 /* Assets.xcassets in Resources */,
				64C241372B93A04B00C4A893 /* Main.storyboard in Resources */,
			);
			runOnlyForDeploymentPostprocessing = 0;
		};
/* End PBXResourcesBuildPhase section */

/* Begin PBXShellScriptBuildPhase section */
		7B31E1A6FDCBA14CB006BDD6 /* [CP] Check Pods Manifest.lock */ = {
			isa = PBXShellScriptBuildPhase;
			buildActionMask = 2147483647;
			files = (
			);
			inputFileListPaths = (
			);
			inputPaths = (
				"${PODS_PODFILE_DIR_PATH}/Podfile.lock",
				"${PODS_ROOT}/Manifest.lock",
			);
			name = "[CP] Check Pods Manifest.lock";
			outputFileListPaths = (
			);
			outputPaths = (
				"$(DERIVED_FILE_DIR)/Pods-connectApp-checkManifestLockResult.txt",
			);
			runOnlyForDeploymentPostprocessing = 0;
			shellPath = /bin/sh;
			shellScript = "diff \"${PODS_PODFILE_DIR_PATH}/Podfile.lock\" \"${PODS_ROOT}/Manifest.lock\" > /dev/null\nif [ $? != 0 ] ; then\n    # print error to STDERR\n    echo \"error: The sandbox is not in sync with the Podfile.lock. Run 'pod install' or update your CocoaPods installation.\" >&2\n    exit 1\nfi\n# This output is used by Xcode 'outputs' to avoid re-running this script phase.\necho \"SUCCESS\" > \"${SCRIPT_OUTPUT_FILE_0}\"\n";
			showEnvVarsInLog = 0;
		};
		C7486DD9DB3F256CB473127C /* [CP] Embed Pods Frameworks */ = {
			isa = PBXShellScriptBuildPhase;
			buildActionMask = 2147483647;
			files = (
			);
			inputFileListPaths = (
				"${PODS_ROOT}/Target Support Files/Pods-connectApp/Pods-connectApp-frameworks-${CONFIGURATION}-input-files.xcfilelist",
			);
			name = "[CP] Embed Pods Frameworks";
			outputFileListPaths = (
				"${PODS_ROOT}/Target Support Files/Pods-connectApp/Pods-connectApp-frameworks-${CONFIGURATION}-output-files.xcfilelist",
			);
			runOnlyForDeploymentPostprocessing = 0;
			shellPath = /bin/sh;
			shellScript = "\"${PODS_ROOT}/Target Support Files/Pods-connectApp/Pods-connectApp-frameworks.sh\"\n";
			showEnvVarsInLog = 0;
		};
/* End PBXShellScriptBuildPhase section */

/* Begin PBXSourcesBuildPhase section */
		64C241282B93A04B00C4A893 /* Sources */ = {
			isa = PBXSourcesBuildPhase;
			buildActionMask = 2147483647;
			files = (
				64C241562B95280B00C4A893 /* FirebaseCollectionReference.swift in Sources */,
				64ABDCBF2BF1769B006E4E86 /* Recent.swift in Sources */,
				64ABDCB72BF15396006E4E86 /* RecentChatViewController.swift in Sources */,
				64C2414A2B93A3B600C4A893 /* LoginViewController.swift in Sources */,
				64ABDCBB2BF153E3006E4E86 /* MembersViewController.swift in Sources */,
				649423DC2BFAA4E200AAF0A1 /* OutgoingMessages.swift in Sources */,
				64C2414E2B93B56200C4A893 /* RegisterViewController.swift in Sources */,
				64ABDCB92BF153BF006E4E86 /* RecentCell.swift in Sources */,
				646663FB2BFC865400F28048 /* MapViewController.swift in Sources */,
				64ABDCC12BF17723006E4E86 /* Group.swift in Sources */,
				649423E42BFAA52300AAF0A1 /* Download.swift in Sources */,
				649423D82BFAA4AF00AAF0A1 /* Camera.swift in Sources */,
				649423E02BFAA50700AAF0A1 /* PhotoMediaItem.swift in Sources */,
				64C241302B93A04B00C4A893 /* AppDelegate.swift in Sources */,
				64ABDCBD2BF153F7006E4E86 /* MembersCell.swift in Sources */,
				649423DA2BFAA4C200AAF0A1 /* Encryption.swift in Sources */,
				649423D12BF5F62700AAF0A1 /* NewGroupViewController.swift in Sources */,
				649423E22BFAA51100AAF0A1 /* VideoMessage.swift in Sources */,
				649423D52BFA9F4800AAF0A1 /* ChatViewController.swift in Sources */,
				64C241542B9512BE00C4A893 /* FUser.swift in Sources */,
				649423D32BFA7CE800AAF0A1 /* GroupCollectionViewCell.swift in Sources */,
				649423DE2BFAA4F900AAF0A1 /* IncomingMessages.swift in Sources */,
				64C241322B93A04B00C4A893 /* SceneDelegate.swift in Sources */,
				64C2414C2B93A4EC00C4A893 /* Util.swift in Sources */,
				64C241522B950DDE00C4A893 /* Constants.swift in Sources */,
				646663FD2BFC88E300F28048 /* AudioViewController.swift in Sources */,
			);
			runOnlyForDeploymentPostprocessing = 0;
		};
/* End PBXSourcesBuildPhase section */

/* Begin PBXVariantGroup section */
		64C241352B93A04B00C4A893 /* Main.storyboard */ = {
			isa = PBXVariantGroup;
			children = (
				64C241362B93A04B00C4A893 /* Base */,
			);
			name = Main.storyboard;
			sourceTree = "<group>";
		};
		64C2413A2B93A04C00C4A893 /* LaunchScreen.storyboard */ = {
			isa = PBXVariantGroup;
			children = (
				64C2413B2B93A04C00C4A893 /* Base */,
			);
			name = LaunchScreen.storyboard;
			sourceTree = "<group>";
		};
/* End PBXVariantGroup section */

/* Begin XCBuildConfiguration section */
		64C2413E2B93A04C00C4A893 /* Debug */ = {
			isa = XCBuildConfiguration;
			buildSettings = {
				ALWAYS_SEARCH_USER_PATHS = NO;
				ASSETCATALOG_COMPILER_GENERATE_SWIFT_ASSET_SYMBOL_EXTENSIONS = YES;
				CLANG_ANALYZER_NONNULL = YES;
				CLANG_ANALYZER_NUMBER_OBJECT_CONVERSION = YES_AGGRESSIVE;
				CLANG_CXX_LANGUAGE_STANDARD = "gnu++20";
				CLANG_ENABLE_MODULES = YES;
				CLANG_ENABLE_OBJC_ARC = YES;
				CLANG_ENABLE_OBJC_WEAK = YES;
				CLANG_WARN_BLOCK_CAPTURE_AUTORELEASING = YES;
				CLANG_WARN_BOOL_CONVERSION = YES;
				CLANG_WARN_COMMA = YES;
				CLANG_WARN_CONSTANT_CONVERSION = YES;
				CLANG_WARN_DEPRECATED_OBJC_IMPLEMENTATIONS = YES;
				CLANG_WARN_DIRECT_OBJC_ISA_USAGE = YES_ERROR;
				CLANG_WARN_DOCUMENTATION_COMMENTS = YES;
				CLANG_WARN_EMPTY_BODY = YES;
				CLANG_WARN_ENUM_CONVERSION = YES;
				CLANG_WARN_INFINITE_RECURSION = YES;
				CLANG_WARN_INT_CONVERSION = YES;
				CLANG_WARN_NON_LITERAL_NULL_CONVERSION = YES;
				CLANG_WARN_OBJC_IMPLICIT_RETAIN_SELF = YES;
				CLANG_WARN_OBJC_LITERAL_CONVERSION = YES;
				CLANG_WARN_OBJC_ROOT_CLASS = YES_ERROR;
				CLANG_WARN_QUOTED_INCLUDE_IN_FRAMEWORK_HEADER = YES;
				CLANG_WARN_RANGE_LOOP_ANALYSIS = YES;
				CLANG_WARN_STRICT_PROTOTYPES = YES;
				CLANG_WARN_SUSPICIOUS_MOVE = YES;
				CLANG_WARN_UNGUARDED_AVAILABILITY = YES_AGGRESSIVE;
				CLANG_WARN_UNREACHABLE_CODE = YES;
				CLANG_WARN__DUPLICATE_METHOD_MATCH = YES;
				COPY_PHASE_STRIP = NO;
				DEBUG_INFORMATION_FORMAT = dwarf;
				ENABLE_STRICT_OBJC_MSGSEND = YES;
				ENABLE_TESTABILITY = YES;
				ENABLE_USER_SCRIPT_SANDBOXING = YES;
				GCC_C_LANGUAGE_STANDARD = gnu17;
				GCC_DYNAMIC_NO_PIC = NO;
				GCC_NO_COMMON_BLOCKS = YES;
				GCC_OPTIMIZATION_LEVEL = 0;
				GCC_PREPROCESSOR_DEFINITIONS = (
					"DEBUG=1",
					"$(inherited)",
				);
				GCC_WARN_64_TO_32_BIT_CONVERSION = YES;
				GCC_WARN_ABOUT_RETURN_TYPE = YES_ERROR;
				GCC_WARN_UNDECLARED_SELECTOR = YES;
				GCC_WARN_UNINITIALIZED_AUTOS = YES_AGGRESSIVE;
				GCC_WARN_UNUSED_FUNCTION = YES;
				GCC_WARN_UNUSED_VARIABLE = YES;
				IPHONEOS_DEPLOYMENT_TARGET = 17.2;
				LOCALIZATION_PREFERS_STRING_CATALOGS = YES;
				MTL_ENABLE_DEBUG_INFO = INCLUDE_SOURCE;
				MTL_FAST_MATH = YES;
				ONLY_ACTIVE_ARCH = YES;
				SDKROOT = iphoneos;
				SWIFT_ACTIVE_COMPILATION_CONDITIONS = "DEBUG $(inherited)";
				SWIFT_OPTIMIZATION_LEVEL = "-Onone";
			};
			name = Debug;
		};
		64C2413F2B93A04C00C4A893 /* Release */ = {
			isa = XCBuildConfiguration;
			buildSettings = {
				ALWAYS_SEARCH_USER_PATHS = NO;
				ASSETCATALOG_COMPILER_GENERATE_SWIFT_ASSET_SYMBOL_EXTENSIONS = YES;
				CLANG_ANALYZER_NONNULL = YES;
				CLANG_ANALYZER_NUMBER_OBJECT_CONVERSION = YES_AGGRESSIVE;
				CLANG_CXX_LANGUAGE_STANDARD = "gnu++20";
				CLANG_ENABLE_MODULES = YES;
				CLANG_ENABLE_OBJC_ARC = YES;
				CLANG_ENABLE_OBJC_WEAK = YES;
				CLANG_WARN_BLOCK_CAPTURE_AUTORELEASING = YES;
				CLANG_WARN_BOOL_CONVERSION = YES;
				CLANG_WARN_COMMA = YES;
				CLANG_WARN_CONSTANT_CONVERSION = YES;
				CLANG_WARN_DEPRECATED_OBJC_IMPLEMENTATIONS = YES;
				CLANG_WARN_DIRECT_OBJC_ISA_USAGE = YES_ERROR;
				CLANG_WARN_DOCUMENTATION_COMMENTS = YES;
				CLANG_WARN_EMPTY_BODY = YES;
				CLANG_WARN_ENUM_CONVERSION = YES;
				CLANG_WARN_INFINITE_RECURSION = YES;
				CLANG_WARN_INT_CONVERSION = YES;
				CLANG_WARN_NON_LITERAL_NULL_CONVERSION = YES;
				CLANG_WARN_OBJC_IMPLICIT_RETAIN_SELF = YES;
				CLANG_WARN_OBJC_LITERAL_CONVERSION = YES;
				CLANG_WARN_OBJC_ROOT_CLASS = YES_ERROR;
				CLANG_WARN_QUOTED_INCLUDE_IN_FRAMEWORK_HEADER = YES;
				CLANG_WARN_RANGE_LOOP_ANALYSIS = YES;
				CLANG_WARN_STRICT_PROTOTYPES = YES;
				CLANG_WARN_SUSPICIOUS_MOVE = YES;
				CLANG_WARN_UNGUARDED_AVAILABILITY = YES_AGGRESSIVE;
				CLANG_WARN_UNREACHABLE_CODE = YES;
				CLANG_WARN__DUPLICATE_METHOD_MATCH = YES;
				COPY_PHASE_STRIP = NO;
				DEBUG_INFORMATION_FORMAT = "dwarf-with-dsym";
				ENABLE_NS_ASSERTIONS = NO;
				ENABLE_STRICT_OBJC_MSGSEND = YES;
				ENABLE_USER_SCRIPT_SANDBOXING = YES;
				GCC_C_LANGUAGE_STANDARD = gnu17;
				GCC_NO_COMMON_BLOCKS = YES;
				GCC_WARN_64_TO_32_BIT_CONVERSION = YES;
				GCC_WARN_ABOUT_RETURN_TYPE = YES_ERROR;
				GCC_WARN_UNDECLARED_SELECTOR = YES;
				GCC_WARN_UNINITIALIZED_AUTOS = YES_AGGRESSIVE;
				GCC_WARN_UNUSED_FUNCTION = YES;
				GCC_WARN_UNUSED_VARIABLE = YES;
				IPHONEOS_DEPLOYMENT_TARGET = 17.2;
				LOCALIZATION_PREFERS_STRING_CATALOGS = YES;
				MTL_ENABLE_DEBUG_INFO = NO;
				MTL_FAST_MATH = YES;
				SDKROOT = iphoneos;
				SWIFT_COMPILATION_MODE = wholemodule;
				VALIDATE_PRODUCT = YES;
			};
			name = Release;
		};
		64C241412B93A04C00C4A893 /* Debug */ = {
			isa = XCBuildConfiguration;
			baseConfigurationReference = 359CD5D0617D168CB6AC5775 /* Pods-connectApp.debug.xcconfig */;
			buildSettings = {
				ASSETCATALOG_COMPILER_APPICON_NAME = AppIcon;
				ASSETCATALOG_COMPILER_GLOBAL_ACCENT_COLOR_NAME = AccentColor;
				CODE_SIGN_STYLE = Automatic;
				CURRENT_PROJECT_VERSION = 1;
				DEVELOPMENT_TEAM = UYNLFZE2ZJ;
				ENABLE_USER_SCRIPT_SANDBOXING = NO;
				GENERATE_INFOPLIST_FILE = YES;
				INFOPLIST_FILE = connectApp/Info.plist;
				INFOPLIST_KEY_UIApplicationSupportsIndirectInputEvents = YES;
				INFOPLIST_KEY_UILaunchStoryboardName = LaunchScreen;
				INFOPLIST_KEY_UIMainStoryboardFile = Main;
				INFOPLIST_KEY_UISupportedInterfaceOrientations_iPad = "UIInterfaceOrientationPortrait UIInterfaceOrientationPortraitUpsideDown UIInterfaceOrientationLandscapeLeft UIInterfaceOrientationLandscapeRight";
				INFOPLIST_KEY_UISupportedInterfaceOrientations_iPhone = "UIInterfaceOrientationPortrait UIInterfaceOrientationLandscapeLeft UIInterfaceOrientationLandscapeRight";
				IPHONEOS_DEPLOYMENT_TARGET = 15.0;
				LD_RUNPATH_SEARCH_PATHS = (
					"$(inherited)",
					"@executable_path/Frameworks",
				);
				MARKETING_VERSION = 1.0;
				PRODUCT_BUNDLE_IDENTIFIER = com.ashishd1712.connectApp;
				PRODUCT_NAME = "$(TARGET_NAME)";
				SWIFT_EMIT_LOC_STRINGS = YES;
				SWIFT_VERSION = 5.0;
				TARGETED_DEVICE_FAMILY = "1,2";
			};
			name = Debug;
		};
		64C241422B93A04C00C4A893 /* Release */ = {
			isa = XCBuildConfiguration;
			baseConfigurationReference = CC0A76EA8F8C7CDF26A0C639 /* Pods-connectApp.release.xcconfig */;
			buildSettings = {
				ASSETCATALOG_COMPILER_APPICON_NAME = AppIcon;
				ASSETCATALOG_COMPILER_GLOBAL_ACCENT_COLOR_NAME = AccentColor;
				CODE_SIGN_STYLE = Automatic;
				CURRENT_PROJECT_VERSION = 1;
				DEVELOPMENT_TEAM = UYNLFZE2ZJ;
				ENABLE_USER_SCRIPT_SANDBOXING = NO;
				GENERATE_INFOPLIST_FILE = YES;
				INFOPLIST_FILE = connectApp/Info.plist;
				INFOPLIST_KEY_UIApplicationSupportsIndirectInputEvents = YES;
				INFOPLIST_KEY_UILaunchStoryboardName = LaunchScreen;
				INFOPLIST_KEY_UIMainStoryboardFile = Main;
				INFOPLIST_KEY_UISupportedInterfaceOrientations_iPad = "UIInterfaceOrientationPortrait UIInterfaceOrientationPortraitUpsideDown UIInterfaceOrientationLandscapeLeft UIInterfaceOrientationLandscapeRight";
				INFOPLIST_KEY_UISupportedInterfaceOrientations_iPhone = "UIInterfaceOrientationPortrait UIInterfaceOrientationLandscapeLeft UIInterfaceOrientationLandscapeRight";
				IPHONEOS_DEPLOYMENT_TARGET = 15.0;
				LD_RUNPATH_SEARCH_PATHS = (
					"$(inherited)",
					"@executable_path/Frameworks",
				);
				MARKETING_VERSION = 1.0;
				PRODUCT_BUNDLE_IDENTIFIER = com.ashishd1712.connectApp;
				PRODUCT_NAME = "$(TARGET_NAME)";
				SWIFT_EMIT_LOC_STRINGS = YES;
				SWIFT_VERSION = 5.0;
				TARGETED_DEVICE_FAMILY = "1,2";
			};
			name = Release;
		};
/* End XCBuildConfiguration section */

/* Begin XCConfigurationList section */
		64C241272B93A04B00C4A893 /* Build configuration list for PBXProject "connectApp" */ = {
			isa = XCConfigurationList;
			buildConfigurations = (
				64C2413E2B93A04C00C4A893 /* Debug */,
				64C2413F2B93A04C00C4A893 /* Release */,
			);
			defaultConfigurationIsVisible = 0;
			defaultConfigurationName = Release;
		};
		64C241402B93A04C00C4A893 /* Build configuration list for PBXNativeTarget "connectApp" */ = {
			isa = XCConfigurationList;
			buildConfigurations = (
				64C241412B93A04C00C4A893 /* Debug */,
				64C241422B93A04C00C4A893 /* Release */,
			);
			defaultConfigurationIsVisible = 0;
			defaultConfigurationName = Release;
		};
/* End XCConfigurationList section */
	};
	rootObject = 64C241242B93A04B00C4A893 /* Project object */;
}
